
Microsoft Visual Studio Solution File, Format Version 12.00
# Visual Studio Version 16
VisualStudioVersion = 16.0.30804.86
MinimumVisualStudioVersion = 10.0.40219.1
Project("{FAE04EC0-301F-11D3-BF4B-00C04F79EFBC}") = "NoteApp.API", "NoteApp.API\NoteApp.API.csproj", "{8B9DEA49-40F6-4B5E-9956-DA96F7725E0A}"
EndProject
Project("{FAE04EC0-301F-11D3-BF4B-00C04F79EFBC}") = "NoteApp.Core", "NoteApp.Core\NoteApp.Core.csproj", "{7D64E26A-1E99-4AA6-96EA-405ECF05BB50}"
EndProject
Project("{FAE04EC0-301F-11D3-BF4B-00C04F79EFBC}") = "NoteApp.Services", "NoteApp.Services\NoteApp.Services.csproj", "{A90108E3-C095-4C64-B993-B7F0A6BA0E84}"
EndProject
Project("{FAE04EC0-301F-11D3-BF4B-00C04F79EFBC}") = "NoteApp.Data", "NoteApp.Data\NoteApp.Data.csproj", "{7EAAA7BA-2160-48FB-BE1F-83CA099C6BB0}"
EndProject
Global
	GlobalSection(SolutionConfigurationPlatforms) = preSolution
		Debug|Any CPU = Debug|Any CPU
		Release|Any CPU = Release|Any CPU
	EndGlobalSection
	GlobalSection(ProjectConfigurationPlatforms) = postSolution
		{8B9DEA49-40F6-4B5E-9956-DA96F7725E0A}.Debug|Any CPU.ActiveCfg = Debug|Any CPU
		{8B9DEA49-40F6-4B5E-9956-DA96F7725E0A}.Debug|Any CPU.Build.0 = Debug|Any CPU
		{8B9DEA49-40F6-4B5E-9956-DA96F7725E0A}.Release|Any CPU.ActiveCfg = Release|Any CPU
		{8B9DEA49-40F6-4B5E-9956-DA96F7725E0A}.Release|Any CPU.Build.0 = Release|Any CPU
		{7D64E26A-1E99-4AA6-96EA-405ECF05BB50}.Debug|Any CPU.ActiveCfg = Debug|Any CPU
		{7D64E26A-1E99-4AA6-96EA-405ECF05BB50}.Debug|Any CPU.Build.0 = Debug|Any CPU
		{7D64E26A-1E99-4AA6-96EA-405ECF05BB50}.Release|Any CPU.ActiveCfg = Release|Any CPU
		{7D64E26A-1E99-4AA6-96EA-405ECF05BB50}.Release|Any CPU.Build.0 = Release|Any CPU
		{A90108E3-C095-4C64-B993-B7F0A6BA0E84}.Debug|Any CPU.ActiveCfg = Debug|Any CPU
		{A90108E3-C095-4C64-B993-B7F0A6BA0E84}.Debug|Any CPU.Build.0 = Debug|Any CPU
		{A90108E3-C095-4C64-B993-B7F0A6BA0E84}.Release|Any CPU.ActiveCfg = Release|Any CPU
		{A90108E3-C095-4C64-B993-B7F0A6BA0E84}.Release|Any CPU.Build.0 = Release|Any CPU
		{7EAAA7BA-2160-48FB-BE1F-83CA099C6BB0}.Debug|Any CPU.ActiveCfg = Debug|Any CPU
		{7EAAA7BA-2160-48FB-BE1F-83CA099C6BB0}.Debug|Any CPU.Build.0 = Debug|Any CPU
		{7EAAA7BA-2160-48FB-BE1F-83CA099C6BB0}.Release|Any CPU.ActiveCfg = Release|Any CPU
		{7EAAA7BA-2160-48FB-BE1F-83CA099C6BB0}.Release|Any CPU.Build.0 = Release|Any CPU
	EndGlobalSection
	GlobalSection(SolutionProperties) = preSolution
		HideSolutionNode = FALSE
	EndGlobalSection
	GlobalSection(ExtensibilityGlobals) = postSolution
		SolutionGuid = {9914D23D-57F2-4F5B-BA46-15DEC2A011D9}
	EndGlobalSection
EndGlobal
